
Microsoft Visual Studio Solution File, Format Version 12.00
# Visual Studio Version 17
VisualStudioVersion = 17.6.33815.320
MinimumVisualStudioVersion = 10.0.40219.1
Project("{9A19103F-16F7-4668-BE54-9A1E7A4F7556}") = "ExpenseTracker", "ExpenseTracker\ExpenseTracker.csproj", "{FB39A2C8-29C5-4F7D-8654-7D558A4A45AA}"
EndProject
Project("{9A19103F-16F7-4668-BE54-9A1E7A4F7556}") = "Infrastructure", "Infrastructure\Infrastructure.csproj", "{9C044E0E-6846-4A50-8313-7B8BE03F1D61}"
EndProject
Project("{FAE04EC0-301F-11D3-BF4B-00C04F79EFBC}") = "ApplicationCore", "ApplicationCore\ApplicationCore.csproj", "{A9E7513F-EA8C-4875-9D59-DCFF3080BE93}"
EndProject
Global
	GlobalSection(SolutionConfigurationPlatforms) = preSolution
		Debug|Any CPU = Debug|Any CPU
		Release|Any CPU = Release|Any CPU
	EndGlobalSection
	GlobalSection(ProjectConfigurationPlatforms) = postSolution
		{FB39A2C8-29C5-4F7D-8654-7D558A4A45AA}.Debug|Any CPU.ActiveCfg = Debug|Any CPU
		{FB39A2C8-29C5-4F7D-8654-7D558A4A45AA}.Debug|Any CPU.Build.0 = Debug|Any CPU
		{FB39A2C8-29C5-4F7D-8654-7D558A4A45AA}.Release|Any CPU.ActiveCfg = Release|Any CPU
		{FB39A2C8-29C5-4F7D-8654-7D558A4A45AA}.Release|Any CPU.Build.0 = Release|Any CPU
		{9C044E0E-6846-4A50-8313-7B8BE03F1D61}.Debug|Any CPU.ActiveCfg = Debug|Any CPU
		{9C044E0E-6846-4A50-8313-7B8BE03F1D61}.Debug|Any CPU.Build.0 = Debug|Any CPU
		{9C044E0E-6846-4A50-8313-7B8BE03F1D61}.Release|Any CPU.ActiveCfg = Release|Any CPU
		{9C044E0E-6846-4A50-8313-7B8BE03F1D61}.Release|Any CPU.Build.0 = Release|Any CPU
		{A9E7513F-EA8C-4875-9D59-DCFF3080BE93}.Debug|Any CPU.ActiveCfg = Debug|Any CPU
		{A9E7513F-EA8C-4875-9D59-DCFF3080BE93}.Debug|Any CPU.Build.0 = Debug|Any CPU
		{A9E7513F-EA8C-4875-9D59-DCFF3080BE93}.Release|Any CPU.ActiveCfg = Release|Any CPU
		{A9E7513F-EA8C-4875-9D59-DCFF3080BE93}.Release|Any CPU.Build.0 = Release|Any CPU
	EndGlobalSection
	GlobalSection(SolutionProperties) = preSolution
		HideSolutionNode = FALSE
	EndGlobalSection
	GlobalSection(ExtensibilityGlobals) = postSolution
		SolutionGuid = {7682B05D-332A-44B6-972A-564343698418}
	EndGlobalSection
EndGlobal
